// !$*UTF8*$!
{
	archiveVersion = 1;
	classes = {
	};
	objectVersion = 55;
	objects = {

/* Begin PBXBuildFile section */
		2201373627DCE197000F0C7C /* TestMeCoreData.xcdatamodeld in Sources */ = {isa = PBXBuildFile; fileRef = 2201373427DCE197000F0C7C /* TestMeCoreData.xcdatamodeld */; };
		2201373B27DD0B8D000F0C7C /* DBHelper.swift in Sources */ = {isa = PBXBuildFile; fileRef = 2201373A27DD0B8D000F0C7C /* DBHelper.swift */; };
		2201373D27DD1126000F0C7C /* PersonTableViewCell.swift in Sources */ = {isa = PBXBuildFile; fileRef = 2201373C27DD1126000F0C7C /* PersonTableViewCell.swift */; };
		22132BC227E0AA1C00642694 /* QuizStoryboard.storyboard in Resources */ = {isa = PBXBuildFile; fileRef = 22132BC127E0AA1C00642694 /* QuizStoryboard.storyboard */; };
		22132BC427E0B45800642694 /* QuizViewController.swift in Sources */ = {isa = PBXBuildFile; fileRef = 22132BC327E0B45800642694 /* QuizViewController.swift */; };
		2247308527E10DB2009085D5 /* StartStoryboard.storyboard in Resources */ = {isa = PBXBuildFile; fileRef = 2247308427E10DB2009085D5 /* StartStoryboard.storyboard */; };
		2247308B27E10E71009085D5 /* AdminStoryBoard.storyboard in Resources */ = {isa = PBXBuildFile; fileRef = 2247308A27E10E71009085D5 /* AdminStoryBoard.storyboard */; };
		2247308D27E10E80009085D5 /* DashboardStoryBoard.storyboard in Resources */ = {isa = PBXBuildFile; fileRef = 2247308C27E10E80009085D5 /* DashboardStoryBoard.storyboard */; };
		2247309127E10ECA009085D5 /* StartViewController.swift in Sources */ = {isa = PBXBuildFile; fileRef = 2247309027E10ECA009085D5 /* StartViewController.swift */; };
		2247309427E10F26009085D5 /* AdminViewController.swift in Sources */ = {isa = PBXBuildFile; fileRef = 2247309327E10F26009085D5 /* AdminViewController.swift */; };
		2247309627E10F44009085D5 /* DashboardViewController.swift in Sources */ = {isa = PBXBuildFile; fileRef = 2247309527E10F43009085D5 /* DashboardViewController.swift */; };
		2247309827E11313009085D5 /* MenuViewController.swift in Sources */ = {isa = PBXBuildFile; fileRef = 2247309727E11313009085D5 /* MenuViewController.swift */; };
		22D2074427E380D7004D96B8 /* Questions.swift in Sources */ = {isa = PBXBuildFile; fileRef = 22D2074327E380D7004D96B8 /* Questions.swift */; };
		22D9C1F927E2C426007D6B89 /* LaunchViewController.swift in Sources */ = {isa = PBXBuildFile; fileRef = 22D9C1F827E2C426007D6B89 /* LaunchViewController.swift */; };
		22ECB13E27E245DC00E61BC2 /* SignUPViewController.swift in Sources */ = {isa = PBXBuildFile; fileRef = 22ECB13D27E245DC00E61BC2 /* SignUPViewController.swift */; };
		22ECB18F27E2A4BF00E61BC2 /* WellcomeViewController.swift in Sources */ = {isa = PBXBuildFile; fileRef = 22ECB18E27E2A4BF00E61BC2 /* WellcomeViewController.swift */; };
		A49B9BD4B1643BF81BA72FB1 /* Pods_Catechism_App.framework in Frameworks */ = {isa = PBXBuildFile; fileRef = 4AE603111E391B1DC3D0C6CA /* Pods_Catechism_App.framework */; };
		FE74DD8C27DCD0F400F33D69 /* AppDelegate.swift in Sources */ = {isa = PBXBuildFile; fileRef = FE74DD8B27DCD0F400F33D69 /* AppDelegate.swift */; };
		FE74DD8E27DCD0F400F33D69 /* SceneDelegate.swift in Sources */ = {isa = PBXBuildFile; fileRef = FE74DD8D27DCD0F400F33D69 /* SceneDelegate.swift */; };
		FE74DD9027DCD0F400F33D69 /* ViewController.swift in Sources */ = {isa = PBXBuildFile; fileRef = FE74DD8F27DCD0F400F33D69 /* ViewController.swift */; };
		FE74DD9327DCD0F400F33D69 /* Main.storyboard in Resources */ = {isa = PBXBuildFile; fileRef = FE74DD9127DCD0F400F33D69 /* Main.storyboard */; };
		FE74DD9527DCD0F800F33D69 /* Assets.xcassets in Resources */ = {isa = PBXBuildFile; fileRef = FE74DD9427DCD0F800F33D69 /* Assets.xcassets */; };
		FE74DD9827DCD0F800F33D69 /* LaunchScreen.storyboard in Resources */ = {isa = PBXBuildFile; fileRef = FE74DD9627DCD0F800F33D69 /* LaunchScreen.storyboard */; };
		FE74DE0827E1F7A400F33D69 /* Users.swift in Sources */ = {isa = PBXBuildFile; fileRef = FE74DE0727E1F7A400F33D69 /* Users.swift */; };
		FE74DE0A27E200DF00F33D69 /* QuizSessions.swift in Sources */ = {isa = PBXBuildFile; fileRef = FE74DE0927E200DF00F33D69 /* QuizSessions.swift */; };
		FE74DE7327E38DE600F33D69 /* ViewUsersTableViewController.swift in Sources */ = {isa = PBXBuildFile; fileRef = FE74DE7227E38DE600F33D69 /* ViewUsersTableViewController.swift */; };
		FE74DE7527E38F9100F33D69 /* UserTableViewCell.swift in Sources */ = {isa = PBXBuildFile; fileRef = FE74DE7427E38F9100F33D69 /* UserTableViewCell.swift */; };
		FE74DE7727E3CA8800F33D69 /* HeaderTableViewCell.swift in Sources */ = {isa = PBXBuildFile; fileRef = FE74DE7627E3CA8800F33D69 /* HeaderTableViewCell.swift */; };
		FE74DE7B27E404F900F33D69 /* QuizSessionsHelpers.swift in Sources */ = {isa = PBXBuildFile; fileRef = FE74DE7A27E404F900F33D69 /* QuizSessionsHelpers.swift */; };
		FE74DE7E27E4122D00F33D69 /* QuestionsHelpers.swift in Sources */ = {isa = PBXBuildFile; fileRef = FE74DE7D27E4122D00F33D69 /* QuestionsHelpers.swift */; };
		FE74DE8027E4164500F33D69 /* CreateQuizViewController.swift in Sources */ = {isa = PBXBuildFile; fileRef = FE74DE7F27E4164500F33D69 /* CreateQuizViewController.swift */; };
		FE74DE8227E430E800F33D69 /* CreateQuizTableViewCell.swift in Sources */ = {isa = PBXBuildFile; fileRef = FE74DE8127E430E800F33D69 /* CreateQuizTableViewCell.swift */; };
		FE74DE8427E431C000F33D69 /* CreateQuizTVC.swift in Sources */ = {isa = PBXBuildFile; fileRef = FE74DE8327E431C000F33D69 /* CreateQuizTVC.swift */; };
/* End PBXBuildFile section */

/* Begin PBXFileReference section */
		2201373527DCE197000F0C7C /* TestMeCoreData.xcdatamodel */ = {isa = PBXFileReference; lastKnownFileType = wrapper.xcdatamodel; path = TestMeCoreData.xcdatamodel; sourceTree = "<group>"; };
		2201373A27DD0B8D000F0C7C /* DBHelper.swift */ = {isa = PBXFileReference; lastKnownFileType = sourcecode.swift; path = DBHelper.swift; sourceTree = "<group>"; };
		2201373C27DD1126000F0C7C /* PersonTableViewCell.swift */ = {isa = PBXFileReference; lastKnownFileType = sourcecode.swift; path = PersonTableViewCell.swift; sourceTree = "<group>"; };
		22132BC127E0AA1C00642694 /* QuizStoryboard.storyboard */ = {isa = PBXFileReference; lastKnownFileType = file.storyboard; path = QuizStoryboard.storyboard; sourceTree = "<group>"; };
		22132BC327E0B45800642694 /* QuizViewController.swift */ = {isa = PBXFileReference; lastKnownFileType = sourcecode.swift; path = QuizViewController.swift; sourceTree = "<group>"; };
		2247308427E10DB2009085D5 /* StartStoryboard.storyboard */ = {isa = PBXFileReference; lastKnownFileType = file.storyboard; path = StartStoryboard.storyboard; sourceTree = "<group>"; };
		2247308A27E10E71009085D5 /* AdminStoryBoard.storyboard */ = {isa = PBXFileReference; lastKnownFileType = file.storyboard; path = AdminStoryBoard.storyboard; sourceTree = "<group>"; };
		2247308C27E10E80009085D5 /* DashboardStoryBoard.storyboard */ = {isa = PBXFileReference; lastKnownFileType = file.storyboard; path = DashboardStoryBoard.storyboard; sourceTree = "<group>"; };
		2247309027E10ECA009085D5 /* StartViewController.swift */ = {isa = PBXFileReference; lastKnownFileType = sourcecode.swift; path = StartViewController.swift; sourceTree = "<group>"; };
		2247309327E10F26009085D5 /* AdminViewController.swift */ = {isa = PBXFileReference; lastKnownFileType = sourcecode.swift; path = AdminViewController.swift; sourceTree = "<group>"; };
		2247309527E10F43009085D5 /* DashboardViewController.swift */ = {isa = PBXFileReference; lastKnownFileType = sourcecode.swift; path = DashboardViewController.swift; sourceTree = "<group>"; };
		2247309727E11313009085D5 /* MenuViewController.swift */ = {isa = PBXFileReference; lastKnownFileType = sourcecode.swift; path = MenuViewController.swift; sourceTree = "<group>"; };
		22D2074327E380D7004D96B8 /* Questions.swift */ = {isa = PBXFileReference; lastKnownFileType = sourcecode.swift; path = Questions.swift; sourceTree = "<group>"; };
		22D9C1F827E2C426007D6B89 /* LaunchViewController.swift */ = {isa = PBXFileReference; lastKnownFileType = sourcecode.swift; path = LaunchViewController.swift; sourceTree = "<group>"; };
		22ECB13D27E245DC00E61BC2 /* SignUPViewController.swift */ = {isa = PBXFileReference; lastKnownFileType = sourcecode.swift; path = SignUPViewController.swift; sourceTree = "<group>"; };
		22ECB18E27E2A4BF00E61BC2 /* WellcomeViewController.swift */ = {isa = PBXFileReference; lastKnownFileType = sourcecode.swift; path = WellcomeViewController.swift; sourceTree = "<group>"; };
		4AE603111E391B1DC3D0C6CA /* Pods_Catechism_App.framework */ = {isa = PBXFileReference; explicitFileType = wrapper.framework; includeInIndex = 0; path = Pods_Catechism_App.framework; sourceTree = BUILT_PRODUCTS_DIR; };
		B012A9788669DFC17739C623 /* Pods-Catechism-App.debug.xcconfig */ = {isa = PBXFileReference; includeInIndex = 1; lastKnownFileType = text.xcconfig; name = "Pods-Catechism-App.debug.xcconfig"; path = "Target Support Files/Pods-Catechism-App/Pods-Catechism-App.debug.xcconfig"; sourceTree = "<group>"; };
		BCC20E09FAFD36B2CF9DA98E /* Pods-Catechism-App.release.xcconfig */ = {isa = PBXFileReference; includeInIndex = 1; lastKnownFileType = text.xcconfig; name = "Pods-Catechism-App.release.xcconfig"; path = "Target Support Files/Pods-Catechism-App/Pods-Catechism-App.release.xcconfig"; sourceTree = "<group>"; };
		FE74DD8827DCD0F400F33D69 /* Catechism-App.app */ = {isa = PBXFileReference; explicitFileType = wrapper.application; includeInIndex = 0; path = "Catechism-App.app"; sourceTree = BUILT_PRODUCTS_DIR; };
		FE74DD8B27DCD0F400F33D69 /* AppDelegate.swift */ = {isa = PBXFileReference; lastKnownFileType = sourcecode.swift; path = AppDelegate.swift; sourceTree = "<group>"; };
		FE74DD8D27DCD0F400F33D69 /* SceneDelegate.swift */ = {isa = PBXFileReference; lastKnownFileType = sourcecode.swift; path = SceneDelegate.swift; sourceTree = "<group>"; };
		FE74DD8F27DCD0F400F33D69 /* ViewController.swift */ = {isa = PBXFileReference; lastKnownFileType = sourcecode.swift; path = ViewController.swift; sourceTree = "<group>"; };
		FE74DD9227DCD0F400F33D69 /* Base */ = {isa = PBXFileReference; lastKnownFileType = file.storyboard; name = Base; path = Base.lproj/Main.storyboard; sourceTree = "<group>"; };
		FE74DD9427DCD0F800F33D69 /* Assets.xcassets */ = {isa = PBXFileReference; lastKnownFileType = folder.assetcatalog; path = Assets.xcassets; sourceTree = "<group>"; };
		FE74DD9727DCD0F800F33D69 /* Base */ = {isa = PBXFileReference; lastKnownFileType = file.storyboard; name = Base; path = Base.lproj/LaunchScreen.storyboard; sourceTree = "<group>"; };
		FE74DD9927DCD0F800F33D69 /* Info.plist */ = {isa = PBXFileReference; lastKnownFileType = text.plist.xml; path = Info.plist; sourceTree = "<group>"; };
		FE74DE0727E1F7A400F33D69 /* Users.swift */ = {isa = PBXFileReference; lastKnownFileType = sourcecode.swift; path = Users.swift; sourceTree = "<group>"; };
		FE74DE0927E200DF00F33D69 /* QuizSessions.swift */ = {isa = PBXFileReference; lastKnownFileType = sourcecode.swift; path = QuizSessions.swift; sourceTree = "<group>"; };
		FE74DE7227E38DE600F33D69 /* ViewUsersTableViewController.swift */ = {isa = PBXFileReference; lastKnownFileType = sourcecode.swift; path = ViewUsersTableViewController.swift; sourceTree = "<group>"; };
		FE74DE7427E38F9100F33D69 /* UserTableViewCell.swift */ = {isa = PBXFileReference; lastKnownFileType = sourcecode.swift; path = UserTableViewCell.swift; sourceTree = "<group>"; };
		FE74DE7627E3CA8800F33D69 /* HeaderTableViewCell.swift */ = {isa = PBXFileReference; lastKnownFileType = sourcecode.swift; path = HeaderTableViewCell.swift; sourceTree = "<group>"; };
		FE74DE7A27E404F900F33D69 /* QuizSessionsHelpers.swift */ = {isa = PBXFileReference; lastKnownFileType = sourcecode.swift; path = QuizSessionsHelpers.swift; sourceTree = "<group>"; };
		FE74DE7D27E4122D00F33D69 /* QuestionsHelpers.swift */ = {isa = PBXFileReference; lastKnownFileType = sourcecode.swift; path = QuestionsHelpers.swift; sourceTree = "<group>"; };
		FE74DE7F27E4164500F33D69 /* CreateQuizViewController.swift */ = {isa = PBXFileReference; lastKnownFileType = sourcecode.swift; path = CreateQuizViewController.swift; sourceTree = "<group>"; };
		FE74DE8127E430E800F33D69 /* CreateQuizTableViewCell.swift */ = {isa = PBXFileReference; lastKnownFileType = sourcecode.swift; path = CreateQuizTableViewCell.swift; sourceTree = "<group>"; };
		FE74DE8327E431C000F33D69 /* CreateQuizTVC.swift */ = {isa = PBXFileReference; lastKnownFileType = sourcecode.swift; path = CreateQuizTVC.swift; sourceTree = "<group>"; };
/* End PBXFileReference section */

/* Begin PBXFrameworksBuildPhase section */
		FE74DD8527DCD0F400F33D69 /* Frameworks */ = {
			isa = PBXFrameworksBuildPhase;
			buildActionMask = 2147483647;
			files = (
				A49B9BD4B1643BF81BA72FB1 /* Pods_Catechism_App.framework in Frameworks */,
			);
			runOnlyForDeploymentPostprocessing = 0;
		};
/* End PBXFrameworksBuildPhase section */

/* Begin PBXGroup section */
		009ADB339B27EBF95707FE11 /* Pods */ = {
			isa = PBXGroup;
			children = (
				B012A9788669DFC17739C623 /* Pods-Catechism-App.debug.xcconfig */,
				BCC20E09FAFD36B2CF9DA98E /* Pods-Catechism-App.release.xcconfig */,
			);
			path = Pods;
			sourceTree = "<group>";
		};
		2201373127DCDB4F000F0C7C /* ViewControll */ = {
			isa = PBXGroup;
			children = (
				2201373227DCDB8B000F0C7C /* Controller */,
				2201373727DCEF37000F0C7C /* View */,
			);
			path = ViewControll;
			sourceTree = "<group>";
		};
		2201373227DCDB8B000F0C7C /* Controller */ = {
			isa = PBXGroup;
			children = (
				FE74DE7127E38DBF00F33D69 /* Admin */,
				22D9C1F827E2C426007D6B89 /* LaunchViewController.swift */,
				FE74DD8F27DCD0F400F33D69 /* ViewController.swift */,
				2201373C27DD1126000F0C7C /* PersonTableViewCell.swift */,
				2247309527E10F43009085D5 /* DashboardViewController.swift */,
				2247309027E10ECA009085D5 /* StartViewController.swift */,
				22ECB13D27E245DC00E61BC2 /* SignUPViewController.swift */,
				22ECB18E27E2A4BF00E61BC2 /* WellcomeViewController.swift */,
				2247309727E11313009085D5 /* MenuViewController.swift */,
				22132BC327E0B45800642694 /* QuizViewController.swift */,
			);
			path = Controller;
			sourceTree = "<group>";
		};
		2201373727DCEF37000F0C7C /* View */ = {
			isa = PBXGroup;
			children = (
				FE74DD9127DCD0F400F33D69 /* Main.storyboard */,
				2247308427E10DB2009085D5 /* StartStoryboard.storyboard */,
				2247308A27E10E71009085D5 /* AdminStoryBoard.storyboard */,
				22132BC127E0AA1C00642694 /* QuizStoryboard.storyboard */,
				2247308C27E10E80009085D5 /* DashboardStoryBoard.storyboard */,
			);
			path = View;
			sourceTree = "<group>";
		};
		2247308327E10D6C009085D5 /* Model */ = {
			isa = PBXGroup;
			children = (
				FE74DE7C27E40EBA00F33D69 /* DBHelpers */,
				FE74DE0727E1F7A400F33D69 /* Users.swift */,
				22D2074327E380D7004D96B8 /* Questions.swift */,
				FE74DE0927E200DF00F33D69 /* QuizSessions.swift */,
			);
			path = Model;
			sourceTree = "<group>";
		};
		62B3D618664BEA39E7AAF59B /* Frameworks */ = {
			isa = PBXGroup;
			children = (
				4AE603111E391B1DC3D0C6CA /* Pods_Catechism_App.framework */,
			);
			name = Frameworks;
			sourceTree = "<group>";
		};
		FE74DD7F27DCD0F400F33D69 = {
			isa = PBXGroup;
			children = (
				FE74DD8A27DCD0F400F33D69 /* Catechism-App */,
				FE74DD8927DCD0F400F33D69 /* Products */,
				009ADB339B27EBF95707FE11 /* Pods */,
				62B3D618664BEA39E7AAF59B /* Frameworks */,
			);
			sourceTree = "<group>";
		};
		FE74DD8927DCD0F400F33D69 /* Products */ = {
			isa = PBXGroup;
			children = (
				FE74DD8827DCD0F400F33D69 /* Catechism-App.app */,
			);
			name = Products;
			sourceTree = "<group>";
		};
		FE74DD8A27DCD0F400F33D69 /* Catechism-App */ = {
			isa = PBXGroup;
			children = (
				FE74DD8B27DCD0F400F33D69 /* AppDelegate.swift */,
				FE74DD8D27DCD0F400F33D69 /* SceneDelegate.swift */,
				2247308327E10D6C009085D5 /* Model */,
				2201373127DCDB4F000F0C7C /* ViewControll */,
				FE74DD9427DCD0F800F33D69 /* Assets.xcassets */,
				FE74DD9627DCD0F800F33D69 /* LaunchScreen.storyboard */,
				2201373427DCE197000F0C7C /* TestMeCoreData.xcdatamodeld */,
				FE74DD9927DCD0F800F33D69 /* Info.plist */,
			);
			path = "Catechism-App";
			sourceTree = "<group>";
		};
		FE74DE7127E38DBF00F33D69 /* Admin */ = {
			isa = PBXGroup;
			children = (
				2247309327E10F26009085D5 /* AdminViewController.swift */,
				FE74DE7227E38DE600F33D69 /* ViewUsersTableViewController.swift */,
				FE74DE7627E3CA8800F33D69 /* HeaderTableViewCell.swift */,
				FE74DE7427E38F9100F33D69 /* UserTableViewCell.swift */,
				FE74DE7F27E4164500F33D69 /* CreateQuizViewController.swift */,
				FE74DE8127E430E800F33D69 /* CreateQuizTableViewCell.swift */,
				FE74DE8327E431C000F33D69 /* CreateQuizTVC.swift */,
			);
			path = Admin;
			sourceTree = "<group>";
		};
		FE74DE7C27E40EBA00F33D69 /* DBHelpers */ = {
			isa = PBXGroup;
			children = (
				2201373A27DD0B8D000F0C7C /* DBHelper.swift */,
				FE74DE7A27E404F900F33D69 /* QuizSessionsHelpers.swift */,
				FE74DE7D27E4122D00F33D69 /* QuestionsHelpers.swift */,
			);
			path = DBHelpers;
			sourceTree = "<group>";
		};
/* End PBXGroup section */

/* Begin PBXNativeTarget section */
		FE74DD8727DCD0F400F33D69 /* Catechism-App */ = {
			isa = PBXNativeTarget;
			buildConfigurationList = FE74DD9C27DCD0F800F33D69 /* Build configuration list for PBXNativeTarget "Catechism-App" */;
			buildPhases = (
				3280F32E83CA64A63D40B75E /* [CP] Check Pods Manifest.lock */,
				FE74DD8427DCD0F400F33D69 /* Sources */,
				FE74DD8527DCD0F400F33D69 /* Frameworks */,
				FE74DD8627DCD0F400F33D69 /* Resources */,
				F2DF1DEB18551FEE0EF0FE40 /* [CP] Embed Pods Frameworks */,
			);
			buildRules = (
			);
			dependencies = (
			);
			name = "Catechism-App";
			productName = "Catechism-App";
			productReference = FE74DD8827DCD0F400F33D69 /* Catechism-App.app */;
			productType = "com.apple.product-type.application";
		};
/* End PBXNativeTarget section */

/* Begin PBXProject section */
		FE74DD8027DCD0F400F33D69 /* Project object */ = {
			isa = PBXProject;
			attributes = {
				BuildIndependentTargetsInParallel = 1;
				LastSwiftUpdateCheck = 1300;
				LastUpgradeCheck = 1320;
				TargetAttributes = {
					FE74DD8727DCD0F400F33D69 = {
						CreatedOnToolsVersion = 13.2.1;
					};
				};
			};
			buildConfigurationList = FE74DD8327DCD0F400F33D69 /* Build configuration list for PBXProject "Catechism-App" */;
			compatibilityVersion = "Xcode 13.0";
			developmentRegion = en;
			hasScannedForEncodings = 0;
			knownRegions = (
				en,
				Base,
			);
			mainGroup = FE74DD7F27DCD0F400F33D69;
			productRefGroup = FE74DD8927DCD0F400F33D69 /* Products */;
			projectDirPath = "";
			projectRoot = "";
			targets = (
				FE74DD8727DCD0F400F33D69 /* Catechism-App */,
			);
		};
/* End PBXProject section */

/* Begin PBXResourcesBuildPhase section */
		FE74DD8627DCD0F400F33D69 /* Resources */ = {
			isa = PBXResourcesBuildPhase;
			buildActionMask = 2147483647;
			files = (
				FE74DD9827DCD0F800F33D69 /* LaunchScreen.storyboard in Resources */,
				FE74DD9527DCD0F800F33D69 /* Assets.xcassets in Resources */,
				2247308527E10DB2009085D5 /* StartStoryboard.storyboard in Resources */,
				FE74DD9327DCD0F400F33D69 /* Main.storyboard in Resources */,
				2247308D27E10E80009085D5 /* DashboardStoryBoard.storyboard in Resources */,
				22132BC227E0AA1C00642694 /* QuizStoryboard.storyboard in Resources */,
				2247308B27E10E71009085D5 /* AdminStoryBoard.storyboard in Resources */,
			);
			runOnlyForDeploymentPostprocessing = 0;
		};
/* End PBXResourcesBuildPhase section */

/* Begin PBXShellScriptBuildPhase section */
		3280F32E83CA64A63D40B75E /* [CP] Check Pods Manifest.lock */ = {
			isa = PBXShellScriptBuildPhase;
			buildActionMask = 2147483647;
			files = (
			);
			inputFileListPaths = (
			);
			inputPaths = (
				"${PODS_PODFILE_DIR_PATH}/Podfile.lock",
				"${PODS_ROOT}/Manifest.lock",
			);
			name = "[CP] Check Pods Manifest.lock";
			outputFileListPaths = (
			);
			outputPaths = (
				"$(DERIVED_FILE_DIR)/Pods-Catechism-App-checkManifestLockResult.txt",
			);
			runOnlyForDeploymentPostprocessing = 0;
			shellPath = /bin/sh;
			shellScript = "diff \"${PODS_PODFILE_DIR_PATH}/Podfile.lock\" \"${PODS_ROOT}/Manifest.lock\" > /dev/null\nif [ $? != 0 ] ; then\n    # print error to STDERR\n    echo \"error: The sandbox is not in sync with the Podfile.lock. Run 'pod install' or update your CocoaPods installation.\" >&2\n    exit 1\nfi\n# This output is used by Xcode 'outputs' to avoid re-running this script phase.\necho \"SUCCESS\" > \"${SCRIPT_OUTPUT_FILE_0}\"\n";
			showEnvVarsInLog = 0;
		};
		F2DF1DEB18551FEE0EF0FE40 /* [CP] Embed Pods Frameworks */ = {
			isa = PBXShellScriptBuildPhase;
			buildActionMask = 2147483647;
			files = (
			);
			inputFileListPaths = (
				"${PODS_ROOT}/Target Support Files/Pods-Catechism-App/Pods-Catechism-App-frameworks-${CONFIGURATION}-input-files.xcfilelist",
			);
			name = "[CP] Embed Pods Frameworks";
			outputFileListPaths = (
				"${PODS_ROOT}/Target Support Files/Pods-Catechism-App/Pods-Catechism-App-frameworks-${CONFIGURATION}-output-files.xcfilelist",
			);
			runOnlyForDeploymentPostprocessing = 0;
			shellPath = /bin/sh;
			shellScript = "\"${PODS_ROOT}/Target Support Files/Pods-Catechism-App/Pods-Catechism-App-frameworks.sh\"\n";
			showEnvVarsInLog = 0;
		};
/* End PBXShellScriptBuildPhase section */

/* Begin PBXSourcesBuildPhase section */
		FE74DD8427DCD0F400F33D69 /* Sources */ = {
			isa = PBXSourcesBuildPhase;
			buildActionMask = 2147483647;
			files = (
				FE74DE8227E430E800F33D69 /* CreateQuizTableViewCell.swift in Sources */,
				2201373B27DD0B8D000F0C7C /* DBHelper.swift in Sources */,
				2201373627DCE197000F0C7C /* TestMeCoreData.xcdatamodeld in Sources */,
				22132BC427E0B45800642694 /* QuizViewController.swift in Sources */,
				FE74DD9027DCD0F400F33D69 /* ViewController.swift in Sources */,
				2247309127E10ECA009085D5 /* StartViewController.swift in Sources */,
				FE74DE7B27E404F900F33D69 /* QuizSessionsHelpers.swift in Sources */,
				FE74DE0A27E200DF00F33D69 /* QuizSessions.swift in Sources */,
				2247309427E10F26009085D5 /* AdminViewController.swift in Sources */,
				22ECB18F27E2A4BF00E61BC2 /* WellcomeViewController.swift in Sources */,
				22ECB13E27E245DC00E61BC2 /* SignUPViewController.swift in Sources */,
				2247309827E11313009085D5 /* MenuViewController.swift in Sources */,
				22D2074427E380D7004D96B8 /* Questions.swift in Sources */,
				FE74DD8C27DCD0F400F33D69 /* AppDelegate.swift in Sources */,
				FE74DE7527E38F9100F33D69 /* UserTableViewCell.swift in Sources */,
				FE74DE0827E1F7A400F33D69 /* Users.swift in Sources */,
				FE74DE7E27E4122D00F33D69 /* QuestionsHelpers.swift in Sources */,
				2247309627E10F44009085D5 /* DashboardViewController.swift in Sources */,
				2201373D27DD1126000F0C7C /* PersonTableViewCell.swift in Sources */,
				FE74DE8427E431C000F33D69 /* CreateQuizTVC.swift in Sources */,
				FE74DE8027E4164500F33D69 /* CreateQuizViewController.swift in Sources */,
				FE74DE7727E3CA8800F33D69 /* HeaderTableViewCell.swift in Sources */,
				FE74DE7327E38DE600F33D69 /* ViewUsersTableViewController.swift in Sources */,
				FE74DD8E27DCD0F400F33D69 /* SceneDelegate.swift in Sources */,
				22D9C1F927E2C426007D6B89 /* LaunchViewController.swift in Sources */,
			);
			runOnlyForDeploymentPostprocessing = 0;
		};
/* End PBXSourcesBuildPhase section */

/* Begin PBXVariantGroup section */
		FE74DD9127DCD0F400F33D69 /* Main.storyboard */ = {
			isa = PBXVariantGroup;
			children = (
				FE74DD9227DCD0F400F33D69 /* Base */,
			);
			name = Main.storyboard;
			sourceTree = "<group>";
		};
		FE74DD9627DCD0F800F33D69 /* LaunchScreen.storyboard */ = {
			isa = PBXVariantGroup;
			children = (
				FE74DD9727DCD0F800F33D69 /* Base */,
			);
			name = LaunchScreen.storyboard;
			sourceTree = "<group>";
		};
/* End PBXVariantGroup section */

/* Begin XCBuildConfiguration section */
		FE74DD9A27DCD0F800F33D69 /* Debug */ = {
			isa = XCBuildConfiguration;
			buildSettings = {
				ALWAYS_SEARCH_USER_PATHS = NO;
				CLANG_ANALYZER_NONNULL = YES;
				CLANG_ANALYZER_NUMBER_OBJECT_CONVERSION = YES_AGGRESSIVE;
				CLANG_CXX_LANGUAGE_STANDARD = "gnu++17";
				CLANG_CXX_LIBRARY = "libc++";
				CLANG_ENABLE_MODULES = YES;
				CLANG_ENABLE_OBJC_ARC = YES;
				CLANG_ENABLE_OBJC_WEAK = YES;
				CLANG_WARN_BLOCK_CAPTURE_AUTORELEASING = YES;
				CLANG_WARN_BOOL_CONVERSION = YES;
				CLANG_WARN_COMMA = YES;
				CLANG_WARN_CONSTANT_CONVERSION = YES;
				CLANG_WARN_DEPRECATED_OBJC_IMPLEMENTATIONS = YES;
				CLANG_WARN_DIRECT_OBJC_ISA_USAGE = YES_ERROR;
				CLANG_WARN_DOCUMENTATION_COMMENTS = YES;
				CLANG_WARN_EMPTY_BODY = YES;
				CLANG_WARN_ENUM_CONVERSION = YES;
				CLANG_WARN_INFINITE_RECURSION = YES;
				CLANG_WARN_INT_CONVERSION = YES;
				CLANG_WARN_NON_LITERAL_NULL_CONVERSION = YES;
				CLANG_WARN_OBJC_IMPLICIT_RETAIN_SELF = YES;
				CLANG_WARN_OBJC_LITERAL_CONVERSION = YES;
				CLANG_WARN_OBJC_ROOT_CLASS = YES_ERROR;
				CLANG_WARN_QUOTED_INCLUDE_IN_FRAMEWORK_HEADER = YES;
				CLANG_WARN_RANGE_LOOP_ANALYSIS = YES;
				CLANG_WARN_STRICT_PROTOTYPES = YES;
				CLANG_WARN_SUSPICIOUS_MOVE = YES;
				CLANG_WARN_UNGUARDED_AVAILABILITY = YES_AGGRESSIVE;
				CLANG_WARN_UNREACHABLE_CODE = YES;
				CLANG_WARN__DUPLICATE_METHOD_MATCH = YES;
				COPY_PHASE_STRIP = NO;
				DEBUG_INFORMATION_FORMAT = dwarf;
				ENABLE_STRICT_OBJC_MSGSEND = YES;
				ENABLE_TESTABILITY = YES;
				GCC_C_LANGUAGE_STANDARD = gnu11;
				GCC_DYNAMIC_NO_PIC = NO;
				GCC_NO_COMMON_BLOCKS = YES;
				GCC_OPTIMIZATION_LEVEL = 0;
				GCC_PREPROCESSOR_DEFINITIONS = (
					"DEBUG=1",
					"$(inherited)",
				);
				GCC_WARN_64_TO_32_BIT_CONVERSION = YES;
				GCC_WARN_ABOUT_RETURN_TYPE = YES_ERROR;
				GCC_WARN_UNDECLARED_SELECTOR = YES;
				GCC_WARN_UNINITIALIZED_AUTOS = YES_AGGRESSIVE;
				GCC_WARN_UNUSED_FUNCTION = YES;
				GCC_WARN_UNUSED_VARIABLE = YES;
				IPHONEOS_DEPLOYMENT_TARGET = 15.2;
				MTL_ENABLE_DEBUG_INFO = INCLUDE_SOURCE;
				MTL_FAST_MATH = YES;
				ONLY_ACTIVE_ARCH = YES;
				SDKROOT = iphoneos;
				SWIFT_ACTIVE_COMPILATION_CONDITIONS = DEBUG;
				SWIFT_OPTIMIZATION_LEVEL = "-Onone";
			};
			name = Debug;
		};
		FE74DD9B27DCD0F800F33D69 /* Release */ = {
			isa = XCBuildConfiguration;
			buildSettings = {
				ALWAYS_SEARCH_USER_PATHS = NO;
				CLANG_ANALYZER_NONNULL = YES;
				CLANG_ANALYZER_NUMBER_OBJECT_CONVERSION = YES_AGGRESSIVE;
				CLANG_CXX_LANGUAGE_STANDARD = "gnu++17";
				CLANG_CXX_LIBRARY = "libc++";
				CLANG_ENABLE_MODULES = YES;
				CLANG_ENABLE_OBJC_ARC = YES;
				CLANG_ENABLE_OBJC_WEAK = YES;
				CLANG_WARN_BLOCK_CAPTURE_AUTORELEASING = YES;
				CLANG_WARN_BOOL_CONVERSION = YES;
				CLANG_WARN_COMMA = YES;
				CLANG_WARN_CONSTANT_CONVERSION = YES;
				CLANG_WARN_DEPRECATED_OBJC_IMPLEMENTATIONS = YES;
				CLANG_WARN_DIRECT_OBJC_ISA_USAGE = YES_ERROR;
				CLANG_WARN_DOCUMENTATION_COMMENTS = YES;
				CLANG_WARN_EMPTY_BODY = YES;
				CLANG_WARN_ENUM_CONVERSION = YES;
				CLANG_WARN_INFINITE_RECURSION = YES;
				CLANG_WARN_INT_CONVERSION = YES;
				CLANG_WARN_NON_LITERAL_NULL_CONVERSION = YES;
				CLANG_WARN_OBJC_IMPLICIT_RETAIN_SELF = YES;
				CLANG_WARN_OBJC_LITERAL_CONVERSION = YES;
				CLANG_WARN_OBJC_ROOT_CLASS = YES_ERROR;
				CLANG_WARN_QUOTED_INCLUDE_IN_FRAMEWORK_HEADER = YES;
				CLANG_WARN_RANGE_LOOP_ANALYSIS = YES;
				CLANG_WARN_STRICT_PROTOTYPES = YES;
				CLANG_WARN_SUSPICIOUS_MOVE = YES;
				CLANG_WARN_UNGUARDED_AVAILABILITY = YES_AGGRESSIVE;
				CLANG_WARN_UNREACHABLE_CODE = YES;
				CLANG_WARN__DUPLICATE_METHOD_MATCH = YES;
				COPY_PHASE_STRIP = NO;
				DEBUG_INFORMATION_FORMAT = "dwarf-with-dsym";
				ENABLE_NS_ASSERTIONS = NO;
				ENABLE_STRICT_OBJC_MSGSEND = YES;
				GCC_C_LANGUAGE_STANDARD = gnu11;
				GCC_NO_COMMON_BLOCKS = YES;
				GCC_WARN_64_TO_32_BIT_CONVERSION = YES;
				GCC_WARN_ABOUT_RETURN_TYPE = YES_ERROR;
				GCC_WARN_UNDECLARED_SELECTOR = YES;
				GCC_WARN_UNINITIALIZED_AUTOS = YES_AGGRESSIVE;
				GCC_WARN_UNUSED_FUNCTION = YES;
				GCC_WARN_UNUSED_VARIABLE = YES;
				IPHONEOS_DEPLOYMENT_TARGET = 15.2;
				MTL_ENABLE_DEBUG_INFO = NO;
				MTL_FAST_MATH = YES;
				SDKROOT = iphoneos;
				SWIFT_COMPILATION_MODE = wholemodule;
				SWIFT_OPTIMIZATION_LEVEL = "-O";
				VALIDATE_PRODUCT = YES;
			};
			name = Release;
		};
		FE74DD9D27DCD0F800F33D69 /* Debug */ = {
			isa = XCBuildConfiguration;
			baseConfigurationReference = B012A9788669DFC17739C623 /* Pods-Catechism-App.debug.xcconfig */;
			buildSettings = {
				ASSETCATALOG_COMPILER_APPICON_NAME = AppIcon;
				ASSETCATALOG_COMPILER_GLOBAL_ACCENT_COLOR_NAME = AccentColor;
				CODE_SIGN_STYLE = Automatic;
				CURRENT_PROJECT_VERSION = 1;
				DEVELOPMENT_TEAM = L2REF7KEJN;
				GENERATE_INFOPLIST_FILE = YES;
				INFOPLIST_FILE = "Catechism-App/Info.plist";
				INFOPLIST_KEY_UIApplicationSupportsIndirectInputEvents = YES;
				INFOPLIST_KEY_UILaunchStoryboardName = LaunchScreen;
				INFOPLIST_KEY_UIMainStoryboardFile = Main;
				INFOPLIST_KEY_UISupportedInterfaceOrientations_iPad = "UIInterfaceOrientationPortrait UIInterfaceOrientationPortraitUpsideDown UIInterfaceOrientationLandscapeLeft UIInterfaceOrientationLandscapeRight";
				INFOPLIST_KEY_UISupportedInterfaceOrientations_iPhone = "UIInterfaceOrientationPortrait UIInterfaceOrientationLandscapeLeft UIInterfaceOrientationLandscapeRight";
				IPHONEOS_DEPLOYMENT_TARGET = 15.0;
				LD_RUNPATH_SEARCH_PATHS = (
					"$(inherited)",
					"@executable_path/Frameworks",
				);
				MARKETING_VERSION = 1.0;
				PRODUCT_BUNDLE_IDENTIFIER = "pdelac.Catechism-App";
				PRODUCT_NAME = "$(TARGET_NAME)";
				SWIFT_EMIT_LOC_STRINGS = YES;
				SWIFT_VERSION = 5.0;
				TARGETED_DEVICE_FAMILY = "1,2";
			};
			name = Debug;
		};
		FE74DD9E27DCD0F800F33D69 /* Release */ = {
			isa = XCBuildConfiguration;
			baseConfigurationReference = BCC20E09FAFD36B2CF9DA98E /* Pods-Catechism-App.release.xcconfig */;
			buildSettings = {
				ASSETCATALOG_COMPILER_APPICON_NAME = AppIcon;
				ASSETCATALOG_COMPILER_GLOBAL_ACCENT_COLOR_NAME = AccentColor;
				CODE_SIGN_STYLE = Automatic;
				CURRENT_PROJECT_VERSION = 1;
				DEVELOPMENT_TEAM = L2REF7KEJN;
				GENERATE_INFOPLIST_FILE = YES;
				INFOPLIST_FILE = "Catechism-App/Info.plist";
				INFOPLIST_KEY_UIApplicationSupportsIndirectInputEvents = YES;
				INFOPLIST_KEY_UILaunchStoryboardName = LaunchScreen;
				INFOPLIST_KEY_UIMainStoryboardFile = Main;
				INFOPLIST_KEY_UISupportedInterfaceOrientations_iPad = "UIInterfaceOrientationPortrait UIInterfaceOrientationPortraitUpsideDown UIInterfaceOrientationLandscapeLeft UIInterfaceOrientationLandscapeRight";
				INFOPLIST_KEY_UISupportedInterfaceOrientations_iPhone = "UIInterfaceOrientationPortrait UIInterfaceOrientationLandscapeLeft UIInterfaceOrientationLandscapeRight";
				IPHONEOS_DEPLOYMENT_TARGET = 15.0;
				LD_RUNPATH_SEARCH_PATHS = (
					"$(inherited)",
					"@executable_path/Frameworks",
				);
				MARKETING_VERSION = 1.0;
				PRODUCT_BUNDLE_IDENTIFIER = "pdelac.Catechism-App";
				PRODUCT_NAME = "$(TARGET_NAME)";
				SWIFT_EMIT_LOC_STRINGS = YES;
				SWIFT_VERSION = 5.0;
				TARGETED_DEVICE_FAMILY = "1,2";
			};
			name = Release;
		};
/* End XCBuildConfiguration section */

/* Begin XCConfigurationList section */
		FE74DD8327DCD0F400F33D69 /* Build configuration list for PBXProject "Catechism-App" */ = {
			isa = XCConfigurationList;
			buildConfigurations = (
				FE74DD9A27DCD0F800F33D69 /* Debug */,
				FE74DD9B27DCD0F800F33D69 /* Release */,
			);
			defaultConfigurationIsVisible = 0;
			defaultConfigurationName = Release;
		};
		FE74DD9C27DCD0F800F33D69 /* Build configuration list for PBXNativeTarget "Catechism-App" */ = {
			isa = XCConfigurationList;
			buildConfigurations = (
				FE74DD9D27DCD0F800F33D69 /* Debug */,
				FE74DD9E27DCD0F800F33D69 /* Release */,
			);
			defaultConfigurationIsVisible = 0;
			defaultConfigurationName = Release;
		};
/* End XCConfigurationList section */

/* Begin XCVersionGroup section */
		2201373427DCE197000F0C7C /* TestMeCoreData.xcdatamodeld */ = {
			isa = XCVersionGroup;
			children = (
				2201373527DCE197000F0C7C /* TestMeCoreData.xcdatamodel */,
			);
			currentVersion = 2201373527DCE197000F0C7C /* TestMeCoreData.xcdatamodel */;
			path = TestMeCoreData.xcdatamodeld;
			sourceTree = "<group>";
			versionGroupType = wrapper.xcdatamodel;
		};
/* End XCVersionGroup section */
	};
	rootObject = FE74DD8027DCD0F400F33D69 /* Project object */;
}
